// !$*UTF8*$!
{
	archiveVersion = 1;
	classes = {
	};
	objectVersion = 56;
	objects = {

/* Begin PBXBuildFile section */
		EAA6BE7E29B3385D003A14BD /* Constant.swift in Sources */ = {isa = PBXBuildFile; fileRef = EAA6BE7D29B3385D003A14BD /* Constant.swift */; };
		EAA6BE8129B33B2F003A14BD /* AirlineManager.swift in Sources */ = {isa = PBXBuildFile; fileRef = EAA6BE8029B33B2F003A14BD /* AirlineManager.swift */; };
		EAA6BE8329B33BBD003A14BD /* AirlineData.swift in Sources */ = {isa = PBXBuildFile; fileRef = EAA6BE8229B33BBD003A14BD /* AirlineData.swift */; };
		EAA6BE8529B34D71003A14BD /* AirlineModel.swift in Sources */ = {isa = PBXBuildFile; fileRef = EAA6BE8429B34D71003A14BD /* AirlineModel.swift */; };
		EAA6BE8829B36DA7003A14BD /* DescriptionViewController.swift in Sources */ = {isa = PBXBuildFile; fileRef = EAA6BE8729B36DA7003A14BD /* DescriptionViewController.swift */; };
		EAD7A4EC29B31442008FD471 /* AppDelegate.swift in Sources */ = {isa = PBXBuildFile; fileRef = EAD7A4EB29B31442008FD471 /* AppDelegate.swift */; };
		EAD7A4EE29B31442008FD471 /* SceneDelegate.swift in Sources */ = {isa = PBXBuildFile; fileRef = EAD7A4ED29B31442008FD471 /* SceneDelegate.swift */; };
		EAD7A4F029B31442008FD471 /* ViewController.swift in Sources */ = {isa = PBXBuildFile; fileRef = EAD7A4EF29B31442008FD471 /* ViewController.swift */; };
		EAD7A4F329B31442008FD471 /* Main.storyboard in Resources */ = {isa = PBXBuildFile; fileRef = EAD7A4F129B31442008FD471 /* Main.storyboard */; };
		EAD7A4F529B31444008FD471 /* Assets.xcassets in Resources */ = {isa = PBXBuildFile; fileRef = EAD7A4F429B31444008FD471 /* Assets.xcassets */; };
		EAD7A4F829B31444008FD471 /* LaunchScreen.storyboard in Resources */ = {isa = PBXBuildFile; fileRef = EAD7A4F629B31444008FD471 /* LaunchScreen.storyboard */; };
/* End PBXBuildFile section */

/* Begin PBXFileReference section */
		EAA6BE7D29B3385D003A14BD /* Constant.swift */ = {isa = PBXFileReference; lastKnownFileType = sourcecode.swift; path = Constant.swift; sourceTree = "<group>"; };
		EAA6BE8029B33B2F003A14BD /* AirlineManager.swift */ = {isa = PBXFileReference; lastKnownFileType = sourcecode.swift; path = AirlineManager.swift; sourceTree = "<group>"; };
		EAA6BE8229B33BBD003A14BD /* AirlineData.swift */ = {isa = PBXFileReference; lastKnownFileType = sourcecode.swift; path = AirlineData.swift; sourceTree = "<group>"; };
		EAA6BE8429B34D71003A14BD /* AirlineModel.swift */ = {isa = PBXFileReference; lastKnownFileType = sourcecode.swift; path = AirlineModel.swift; sourceTree = "<group>"; };
		EAA6BE8729B36DA7003A14BD /* DescriptionViewController.swift */ = {isa = PBXFileReference; lastKnownFileType = sourcecode.swift; path = DescriptionViewController.swift; sourceTree = "<group>"; };
		EAD7A4E829B31442008FD471 /* Airlines.app */ = {isa = PBXFileReference; explicitFileType = wrapper.application; includeInIndex = 0; path = Airlines.app; sourceTree = BUILT_PRODUCTS_DIR; };
		EAD7A4EB29B31442008FD471 /* AppDelegate.swift */ = {isa = PBXFileReference; lastKnownFileType = sourcecode.swift; path = AppDelegate.swift; sourceTree = "<group>"; };
		EAD7A4ED29B31442008FD471 /* SceneDelegate.swift */ = {isa = PBXFileReference; lastKnownFileType = sourcecode.swift; path = SceneDelegate.swift; sourceTree = "<group>"; };
		EAD7A4EF29B31442008FD471 /* ViewController.swift */ = {isa = PBXFileReference; lastKnownFileType = sourcecode.swift; path = ViewController.swift; sourceTree = "<group>"; };
		EAD7A4F229B31442008FD471 /* Base */ = {isa = PBXFileReference; lastKnownFileType = file.storyboard; name = Base; path = Base.lproj/Main.storyboard; sourceTree = "<group>"; };
		EAD7A4F429B31444008FD471 /* Assets.xcassets */ = {isa = PBXFileReference; lastKnownFileType = folder.assetcatalog; path = Assets.xcassets; sourceTree = "<group>"; };
		EAD7A4F729B31444008FD471 /* Base */ = {isa = PBXFileReference; lastKnownFileType = file.storyboard; name = Base; path = Base.lproj/LaunchScreen.storyboard; sourceTree = "<group>"; };
		EAD7A4F929B31444008FD471 /* Info.plist */ = {isa = PBXFileReference; lastKnownFileType = text.plist.xml; path = Info.plist; sourceTree = "<group>"; };
/* End PBXFileReference section */

/* Begin PBXFrameworksBuildPhase section */
		EAD7A4E529B31442008FD471 /* Frameworks */ = {
			isa = PBXFrameworksBuildPhase;
			buildActionMask = 2147483647;
			files = (
			);
			runOnlyForDeploymentPostprocessing = 0;
		};
/* End PBXFrameworksBuildPhase section */

/* Begin PBXGroup section */
		EA3F683529B5B39000A45A47 /* ViewModel */ = {
			isa = PBXGroup;
			children = (
				EAA6BE8029B33B2F003A14BD /* AirlineManager.swift */,
			);
			path = ViewModel;
			sourceTree = "<group>";
		};
		EAA6BE7F29B33B15003A14BD /* Model */ = {
			isa = PBXGroup;
			children = (
				EAA6BE8229B33BBD003A14BD /* AirlineData.swift */,
				EAA6BE8429B34D71003A14BD /* AirlineModel.swift */,
			);
			path = Model;
			sourceTree = "<group>";
		};
		EAA6BE8629B35134003A14BD /* Controller */ = {
			isa = PBXGroup;
			children = (
				EAD7A4EF29B31442008FD471 /* ViewController.swift */,
				EAA6BE8729B36DA7003A14BD /* DescriptionViewController.swift */,
			);
			path = Controller;
			sourceTree = "<group>";
		};
		EAA6BE8929B4CF43003A14BD /* View */ = {
			isa = PBXGroup;
			children = (
				EAD7A4F129B31442008FD471 /* Main.storyboard */,
			);
			path = View;
			sourceTree = "<group>";
		};
		EAA6BE8A29B4CF4F003A14BD /* Helper */ = {
			isa = PBXGroup;
			children = (
				EAA6BE7D29B3385D003A14BD /* Constant.swift */,
			);
			path = Helper;
			sourceTree = "<group>";
		};
		EAD7A4DF29B31442008FD471 = {
			isa = PBXGroup;
			children = (
				EAD7A4EA29B31442008FD471 /* Airlines */,
				EAA6BE8A29B4CF4F003A14BD /* Helper */,
				EAD7A4E929B31442008FD471 /* Products */,
			);
			sourceTree = "<group>";
		};
		EAD7A4E929B31442008FD471 /* Products */ = {
			isa = PBXGroup;
			children = (
				EAD7A4E829B31442008FD471 /* Airlines.app */,
			);
			name = Products;
			sourceTree = "<group>";
		};
		EAD7A4EA29B31442008FD471 /* Airlines */ = {
			isa = PBXGroup;
			children = (
				EAA6BE7F29B33B15003A14BD /* Model */,
				EAD7A4EB29B31442008FD471 /* AppDelegate.swift */,
				EAD7A4ED29B31442008FD471 /* SceneDelegate.swift */,
				EA3F683529B5B39000A45A47 /* ViewModel */,
				EAA6BE8629B35134003A14BD /* Controller */,
				EAA6BE8929B4CF43003A14BD /* View */,
				EAD7A4F429B31444008FD471 /* Assets.xcassets */,
				EAD7A4F629B31444008FD471 /* LaunchScreen.storyboard */,
				EAD7A4F929B31444008FD471 /* Info.plist */,
			);
			path = Airlines;
			sourceTree = "<group>";
		};
/* End PBXGroup section */

/* Begin PBXNativeTarget section */
		EAD7A4E729B31442008FD471 /* Airlines */ = {
			isa = PBXNativeTarget;
			buildConfigurationList = EAD7A4FC29B31444008FD471 /* Build configuration list for PBXNativeTarget "Airlines" */;
			buildPhases = (
				EAD7A4E429B31442008FD471 /* Sources */,
				EAD7A4E529B31442008FD471 /* Frameworks */,
				EAD7A4E629B31442008FD471 /* Resources */,
			);
			buildRules = (
			);
			dependencies = (
			);
			name = Airlines;
			productName = Airlines;
			productReference = EAD7A4E829B31442008FD471 /* Airlines.app */;
			productType = "com.apple.product-type.application";
		};
/* End PBXNativeTarget section */

/* Begin PBXProject section */
		EAD7A4E029B31442008FD471 /* Project object */ = {
			isa = PBXProject;
			attributes = {
				BuildIndependentTargetsInParallel = 1;
				LastSwiftUpdateCheck = 1410;
				LastUpgradeCheck = 1410;
				TargetAttributes = {
					EAD7A4E729B31442008FD471 = {
						CreatedOnToolsVersion = 14.1;
					};
				};
			};
			buildConfigurationList = EAD7A4E329B31442008FD471 /* Build configuration list for PBXProject "Airlines" */;
			compatibilityVersion = "Xcode 14.0";
			developmentRegion = en;
			hasScannedForEncodings = 0;
			knownRegions = (
				en,
				Base,
			);
			mainGroup = EAD7A4DF29B31442008FD471;
			productRefGroup = EAD7A4E929B31442008FD471 /* Products */;
			projectDirPath = "";
			projectRoot = "";
			targets = (
				EAD7A4E729B31442008FD471 /* Airlines */,
			);
		};
/* End PBXProject section */

/* Begin PBXResourcesBuildPhase section */
		EAD7A4E629B31442008FD471 /* Resources */ = {
			isa = PBXResourcesBuildPhase;
			buildActionMask = 2147483647;
			files = (
				EAD7A4F829B31444008FD471 /* LaunchScreen.storyboard in Resources */,
				EAD7A4F529B31444008FD471 /* Assets.xcassets in Resources */,
				EAD7A4F329B31442008FD471 /* Main.storyboard in Resources */,
			);
			runOnlyForDeploymentPostprocessing = 0;
		};
/* End PBXResourcesBuildPhase section */

/* Begin PBXSourcesBuildPhase section */
		EAD7A4E429B31442008FD471 /* Sources */ = {
			isa = PBXSourcesBuildPhase;
			buildActionMask = 2147483647;
			files = (
				EAA6BE8129B33B2F003A14BD /* AirlineManager.swift in Sources */,
				EAA6BE8529B34D71003A14BD /* AirlineModel.swift in Sources */,
				EAD7A4F029B31442008FD471 /* ViewController.swift in Sources */,
				EAD7A4EC29B31442008FD471 /* AppDelegate.swift in Sources */,
				EAD7A4EE29B31442008FD471 /* SceneDelegate.swift in Sources */,
				EAA6BE8829B36DA7003A14BD /* DescriptionViewController.swift in Sources */,
				EAA6BE8329B33BBD003A14BD /* AirlineData.swift in Sources */,
				EAA6BE7E29B3385D003A14BD /* Constant.swift in Sources */,
			);
			runOnlyForDeploymentPostprocessing = 0;
		};
/* End PBXSourcesBuildPhase section */

/* Begin PBXVariantGroup section */
		EAD7A4F129B31442008FD471 /* Main.storyboard */ = {
			isa = PBXVariantGroup;
			children = (
				EAD7A4F229B31442008FD471 /* Base */,
			);
			name = Main.storyboard;
			sourceTree = "<group>";
		};
		EAD7A4F629B31444008FD471 /* LaunchScreen.storyboard */ = {
			isa = PBXVariantGroup;
			children = (
				EAD7A4F729B31444008FD471 /* Base */,
			);
			name = LaunchScreen.storyboard;
			sourceTree = "<group>";
		};
/* End PBXVariantGroup section */

/* Begin XCBuildConfiguration section */
		EAD7A4FA29B31444008FD471 /* Debug */ = {
			isa = XCBuildConfiguration;
			buildSettings = {
				ALWAYS_SEARCH_USER_PATHS = NO;
				CLANG_ANALYZER_NONNULL = YES;
				CLANG_ANALYZER_NUMBER_OBJECT_CONVERSION = YES_AGGRESSIVE;
				CLANG_CXX_LANGUAGE_STANDARD = "gnu++20";
				CLANG_ENABLE_MODULES = YES;
				CLANG_ENABLE_OBJC_ARC = YES;
				CLANG_ENABLE_OBJC_WEAK = YES;
				CLANG_WARN_BLOCK_CAPTURE_AUTORELEASING = YES;
				CLANG_WARN_BOOL_CONVERSION = YES;
				CLANG_WARN_COMMA = YES;
				CLANG_WARN_CONSTANT_CONVERSION = YES;
				CLANG_WARN_DEPRECATED_OBJC_IMPLEMENTATIONS = YES;
				CLANG_WARN_DIRECT_OBJC_ISA_USAGE = YES_ERROR;
				CLANG_WARN_DOCUMENTATION_COMMENTS = YES;
				CLANG_WARN_EMPTY_BODY = YES;
				CLANG_WARN_ENUM_CONVERSION = YES;
				CLANG_WARN_INFINITE_RECURSION = YES;
				CLANG_WARN_INT_CONVERSION = YES;
				CLANG_WARN_NON_LITERAL_NULL_CONVERSION = YES;
				CLANG_WARN_OBJC_IMPLICIT_RETAIN_SELF = YES;
				CLANG_WARN_OBJC_LITERAL_CONVERSION = YES;
				CLANG_WARN_OBJC_ROOT_CLASS = YES_ERROR;
				CLANG_WARN_QUOTED_INCLUDE_IN_FRAMEWORK_HEADER = YES;
				CLANG_WARN_RANGE_LOOP_ANALYSIS = YES;
				CLANG_WARN_STRICT_PROTOTYPES = YES;
				CLANG_WARN_SUSPICIOUS_MOVE = YES;
				CLANG_WARN_UNGUARDED_AVAILABILITY = YES_AGGRESSIVE;
				CLANG_WARN_UNREACHABLE_CODE = YES;
				CLANG_WARN__DUPLICATE_METHOD_MATCH = YES;
				COPY_PHASE_STRIP = NO;
				DEBUG_INFORMATION_FORMAT = dwarf;
				ENABLE_STRICT_OBJC_MSGSEND = YES;
				ENABLE_TESTABILITY = YES;
				GCC_C_LANGUAGE_STANDARD = gnu11;
				GCC_DYNAMIC_NO_PIC = NO;
				GCC_NO_COMMON_BLOCKS = YES;
				GCC_OPTIMIZATION_LEVEL = 0;
				GCC_PREPROCESSOR_DEFINITIONS = (
					"DEBUG=1",
					"$(inherited)",
				);
				GCC_WARN_64_TO_32_BIT_CONVERSION = YES;
				GCC_WARN_ABOUT_RETURN_TYPE = YES_ERROR;
				GCC_WARN_UNDECLARED_SELECTOR = YES;
				GCC_WARN_UNINITIALIZED_AUTOS = YES_AGGRESSIVE;
				GCC_WARN_UNUSED_FUNCTION = YES;
				GCC_WARN_UNUSED_VARIABLE = YES;
				IPHONEOS_DEPLOYMENT_TARGET = 16.1;
				MTL_ENABLE_DEBUG_INFO = INCLUDE_SOURCE;
				MTL_FAST_MATH = YES;
				ONLY_ACTIVE_ARCH = YES;
				SDKROOT = iphoneos;
				SWIFT_ACTIVE_COMPILATION_CONDITIONS = DEBUG;
				SWIFT_OPTIMIZATION_LEVEL = "-Onone";
			};
			name = Debug;
		};
		EAD7A4FB29B31444008FD471 /* Release */ = {
			isa = XCBuildConfiguration;
			buildSettings = {
				ALWAYS_SEARCH_USER_PATHS = NO;
				CLANG_ANALYZER_NONNULL = YES;
				CLANG_ANALYZER_NUMBER_OBJECT_CONVERSION = YES_AGGRESSIVE;
				CLANG_CXX_LANGUAGE_STANDARD = "gnu++20";
				CLANG_ENABLE_MODULES = YES;
				CLANG_ENABLE_OBJC_ARC = YES;
				CLANG_ENABLE_OBJC_WEAK = YES;
				CLANG_WARN_BLOCK_CAPTURE_AUTORELEASING = YES;
				CLANG_WARN_BOOL_CONVERSION = YES;
				CLANG_WARN_COMMA = YES;
				CLANG_WARN_CONSTANT_CONVERSION = YES;
				CLANG_WARN_DEPRECATED_OBJC_IMPLEMENTATIONS = YES;
				CLANG_WARN_DIRECT_OBJC_ISA_USAGE = YES_ERROR;
				CLANG_WARN_DOCUMENTATION_COMMENTS = YES;
				CLANG_WARN_EMPTY_BODY = YES;
				CLANG_WARN_ENUM_CONVERSION = YES;
				CLANG_WARN_INFINITE_RECURSION = YES;
				CLANG_WARN_INT_CONVERSION = YES;
				CLANG_WARN_NON_LITERAL_NULL_CONVERSION = YES;
				CLANG_WARN_OBJC_IMPLICIT_RETAIN_SELF = YES;
				CLANG_WARN_OBJC_LITERAL_CONVERSION = YES;
				CLANG_WARN_OBJC_ROOT_CLASS = YES_ERROR;
				CLANG_WARN_QUOTED_INCLUDE_IN_FRAMEWORK_HEADER = YES;
				CLANG_WARN_RANGE_LOOP_ANALYSIS = YES;
				CLANG_WARN_STRICT_PROTOTYPES = YES;
				CLANG_WARN_SUSPICIOUS_MOVE = YES;
				CLANG_WARN_UNGUARDED_AVAILABILITY = YES_AGGRESSIVE;
				CLANG_WARN_UNREACHABLE_CODE = YES;
				CLANG_WARN__DUPLICATE_METHOD_MATCH = YES;
				COPY_PHASE_STRIP = NO;
				DEBUG_INFORMATION_FORMAT = "dwarf-with-dsym";
				ENABLE_NS_ASSERTIONS = NO;
				ENABLE_STRICT_OBJC_MSGSEND = YES;
				GCC_C_LANGUAGE_STANDARD = gnu11;
				GCC_NO_COMMON_BLOCKS = YES;
				GCC_WARN_64_TO_32_BIT_CONVERSION = YES;
				GCC_WARN_ABOUT_RETURN_TYPE = YES_ERROR;
				GCC_WARN_UNDECLARED_SELECTOR = YES;
				GCC_WARN_UNINITIALIZED_AUTOS = YES_AGGRESSIVE;
				GCC_WARN_UNUSED_FUNCTION = YES;
				GCC_WARN_UNUSED_VARIABLE = YES;
				IPHONEOS_DEPLOYMENT_TARGET = 16.1;
				MTL_ENABLE_DEBUG_INFO = NO;
				MTL_FAST_MATH = YES;
				SDKROOT = iphoneos;
				SWIFT_COMPILATION_MODE = wholemodule;
				SWIFT_OPTIMIZATION_LEVEL = "-O";
				VALIDATE_PRODUCT = YES;
			};
			name = Release;
		};
		EAD7A4FD29B31444008FD471 /* Debug */ = {
			isa = XCBuildConfiguration;
			buildSettings = {
				ASSETCATALOG_COMPILER_APPICON_NAME = AppIcon;
				ASSETCATALOG_COMPILER_GLOBAL_ACCENT_COLOR_NAME = AccentColor;
				CODE_SIGN_STYLE = Automatic;
				CURRENT_PROJECT_VERSION = 1;
				DEVELOPMENT_TEAM = B525SBHM7K;
				GENERATE_INFOPLIST_FILE = YES;
				INFOPLIST_FILE = Airlines/Info.plist;
				INFOPLIST_KEY_UIApplicationSupportsIndirectInputEvents = YES;
				INFOPLIST_KEY_UILaunchStoryboardName = LaunchScreen;
				INFOPLIST_KEY_UIMainStoryboardFile = Main;
				INFOPLIST_KEY_UISupportedInterfaceOrientations_iPad = "UIInterfaceOrientationPortrait UIInterfaceOrientationPortraitUpsideDown UIInterfaceOrientationLandscapeLeft UIInterfaceOrientationLandscapeRight";
				INFOPLIST_KEY_UISupportedInterfaceOrientations_iPhone = "UIInterfaceOrientationPortrait UIInterfaceOrientationLandscapeLeft UIInterfaceOrientationLandscapeRight";
				LD_RUNPATH_SEARCH_PATHS = (
					"$(inherited)",
					"@executable_path/Frameworks",
				);
				MARKETING_VERSION = 1.0;
				PRODUCT_BUNDLE_IDENTIFIER = com.accenture.Airlines;
				PRODUCT_NAME = "$(TARGET_NAME)";
				SWIFT_EMIT_LOC_STRINGS = YES;
				SWIFT_VERSION = 5.0;
				TARGETED_DEVICE_FAMILY = "1,2";
			};
			name = Debug;
		};
		EAD7A4FE29B31444008FD471 /* Release */ = {
			isa = XCBuildConfiguration;
			buildSettings = {
				ASSETCATALOG_COMPILER_APPICON_NAME = AppIcon;
				ASSETCATALOG_COMPILER_GLOBAL_ACCENT_COLOR_NAME = AccentColor;
				CODE_SIGN_STYLE = Automatic;
				CURRENT_PROJECT_VERSION = 1;
				DEVELOPMENT_TEAM = B525SBHM7K;
				GENERATE_INFOPLIST_FILE = YES;
				INFOPLIST_FILE = Airlines/Info.plist;
				INFOPLIST_KEY_UIApplicationSupportsIndirectInputEvents = YES;
				INFOPLIST_KEY_UILaunchStoryboardName = LaunchScreen;
				INFOPLIST_KEY_UIMainStoryboardFile = Main;
				INFOPLIST_KEY_UISupportedInterfaceOrientations_iPad = "UIInterfaceOrientationPortrait UIInterfaceOrientationPortraitUpsideDown UIInterfaceOrientationLandscapeLeft UIInterfaceOrientationLandscapeRight";
				INFOPLIST_KEY_UISupportedInterfaceOrientations_iPhone = "UIInterfaceOrientationPortrait UIInterfaceOrientationLandscapeLeft UIInterfaceOrientationLandscapeRight";
				LD_RUNPATH_SEARCH_PATHS = (
					"$(inherited)",
					"@executable_path/Frameworks",
				);
				MARKETING_VERSION = 1.0;
				PRODUCT_BUNDLE_IDENTIFIER = com.accenture.Airlines;
				PRODUCT_NAME = "$(TARGET_NAME)";
				SWIFT_EMIT_LOC_STRINGS = YES;
				SWIFT_VERSION = 5.0;
				TARGETED_DEVICE_FAMILY = "1,2";
			};
			name = Release;
		};
/* End XCBuildConfiguration section */

/* Begin XCConfigurationList section */
		EAD7A4E329B31442008FD471 /* Build configuration list for PBXProject "Airlines" */ = {
			isa = XCConfigurationList;
			buildConfigurations = (
				EAD7A4FA29B31444008FD471 /* Debug */,
				EAD7A4FB29B31444008FD471 /* Release */,
			);
			defaultConfigurationIsVisible = 0;
			defaultConfigurationName = Release;
		};
		EAD7A4FC29B31444008FD471 /* Build configuration list for PBXNativeTarget "Airlines" */ = {
			isa = XCConfigurationList;
			buildConfigurations = (
				EAD7A4FD29B31444008FD471 /* Debug */,
				EAD7A4FE29B31444008FD471 /* Release */,
			);
			defaultConfigurationIsVisible = 0;
			defaultConfigurationName = Release;
		};
/* End XCConfigurationList section */
	};
	rootObject = EAD7A4E029B31442008FD471 /* Project object */;
}
